// !$*UTF8*$!
{
	archiveVersion = 1;
	classes = {
	};
	objectVersion = 46;
	objects = {

/* Begin PBXBuildFile section */
		F3BA82AB1EFA54BF00E64484 /* AppDelegate.swift in Sources */ = {isa = PBXBuildFile; fileRef = F3BA82AA1EFA54BF00E64484 /* AppDelegate.swift */; };
		F3BA82AD1EFA54BF00E64484 /* ViewController.swift in Sources */ = {isa = PBXBuildFile; fileRef = F3BA82AC1EFA54BF00E64484 /* ViewController.swift */; };
		F3BA82B01EFA54BF00E64484 /* Main.storyboard in Resources */ = {isa = PBXBuildFile; fileRef = F3BA82AE1EFA54BF00E64484 /* Main.storyboard */; };
		F3BA82B21EFA54BF00E64484 /* Assets.xcassets in Resources */ = {isa = PBXBuildFile; fileRef = F3BA82B11EFA54BF00E64484 /* Assets.xcassets */; };
		F3BA82B51EFA54BF00E64484 /* LaunchScreen.storyboard in Resources */ = {isa = PBXBuildFile; fileRef = F3BA82B31EFA54BF00E64484 /* LaunchScreen.storyboard */; };
		F3BA82C01EFA54BF00E64484 /* FrainzTests.swift in Sources */ = {isa = PBXBuildFile; fileRef = F3BA82BF1EFA54BF00E64484 /* FrainzTests.swift */; };
		F3BA82CB1EFA54BF00E64484 /* FrainzUITests.swift in Sources */ = {isa = PBXBuildFile; fileRef = F3BA82CA1EFA54BF00E64484 /* FrainzUITests.swift */; };
		F3BA82DD1EFA791400E64484 /* TwitterCore.framework in Frameworks */ = {isa = PBXBuildFile; fileRef = F3BA82D91EFA791400E64484 /* TwitterCore.framework */; };
		F3BA82DE1EFA791400E64484 /* TwitterKit.framework in Frameworks */ = {isa = PBXBuildFile; fileRef = F3BA82DA1EFA791400E64484 /* TwitterKit.framework */; };
		F3BA82DF1EFA791400E64484 /* TwitterKitResources.bundle in Resources */ = {isa = PBXBuildFile; fileRef = F3BA82DB1EFA791400E64484 /* TwitterKitResources.bundle */; };
		F3BA82E01EFA791400E64484 /* TwitterShareExtensionUIResources.bundle in Resources */ = {isa = PBXBuildFile; fileRef = F3BA82DC1EFA791400E64484 /* TwitterShareExtensionUIResources.bundle */; };
		F3BA82E21EFA8BD400E64484 /* ListTimeLineViewController.swift in Sources */ = {isa = PBXBuildFile; fileRef = F3BA82E11EFA8BD400E64484 /* ListTimeLineViewController.swift */; };
/* End PBXBuildFile section */

/* Begin PBXContainerItemProxy section */
		F3BA82BC1EFA54BF00E64484 /* PBXContainerItemProxy */ = {
			isa = PBXContainerItemProxy;
			containerPortal = F3BA829F1EFA54BE00E64484 /* Project object */;
			proxyType = 1;
			remoteGlobalIDString = F3BA82A61EFA54BE00E64484;
			remoteInfo = Frainz;
		};
		F3BA82C71EFA54BF00E64484 /* PBXContainerItemProxy */ = {
			isa = PBXContainerItemProxy;
			containerPortal = F3BA829F1EFA54BE00E64484 /* Project object */;
			proxyType = 1;
			remoteGlobalIDString = F3BA82A61EFA54BE00E64484;
			remoteInfo = Frainz;
		};
/* End PBXContainerItemProxy section */

/* Begin PBXFileReference section */
		F3BA82A71EFA54BE00E64484 /* Frainz.app */ = {isa = PBXFileReference; explicitFileType = wrapper.application; includeInIndex = 0; path = Frainz.app; sourceTree = BUILT_PRODUCTS_DIR; };
		F3BA82AA1EFA54BF00E64484 /* AppDelegate.swift */ = {isa = PBXFileReference; lastKnownFileType = sourcecode.swift; path = AppDelegate.swift; sourceTree = "<group>"; };
		F3BA82AC1EFA54BF00E64484 /* ViewController.swift */ = {isa = PBXFileReference; lastKnownFileType = sourcecode.swift; path = ViewController.swift; sourceTree = "<group>"; };
		F3BA82AF1EFA54BF00E64484 /* Base */ = {isa = PBXFileReference; lastKnownFileType = file.storyboard; name = Base; path = Base.lproj/Main.storyboard; sourceTree = "<group>"; };
		F3BA82B11EFA54BF00E64484 /* Assets.xcassets */ = {isa = PBXFileReference; lastKnownFileType = folder.assetcatalog; path = Assets.xcassets; sourceTree = "<group>"; };
		F3BA82B41EFA54BF00E64484 /* Base */ = {isa = PBXFileReference; lastKnownFileType = file.storyboard; name = Base; path = Base.lproj/LaunchScreen.storyboard; sourceTree = "<group>"; };
		F3BA82B61EFA54BF00E64484 /* Info.plist */ = {isa = PBXFileReference; lastKnownFileType = text.plist.xml; path = Info.plist; sourceTree = "<group>"; };
		F3BA82BB1EFA54BF00E64484 /* FrainzTests.xctest */ = {isa = PBXFileReference; explicitFileType = wrapper.cfbundle; includeInIndex = 0; path = FrainzTests.xctest; sourceTree = BUILT_PRODUCTS_DIR; };
		F3BA82BF1EFA54BF00E64484 /* FrainzTests.swift */ = {isa = PBXFileReference; lastKnownFileType = sourcecode.swift; path = FrainzTests.swift; sourceTree = "<group>"; };
		F3BA82C11EFA54BF00E64484 /* Info.plist */ = {isa = PBXFileReference; lastKnownFileType = text.plist.xml; path = Info.plist; sourceTree = "<group>"; };
		F3BA82C61EFA54BF00E64484 /* FrainzUITests.xctest */ = {isa = PBXFileReference; explicitFileType = wrapper.cfbundle; includeInIndex = 0; path = FrainzUITests.xctest; sourceTree = BUILT_PRODUCTS_DIR; };
		F3BA82CA1EFA54BF00E64484 /* FrainzUITests.swift */ = {isa = PBXFileReference; lastKnownFileType = sourcecode.swift; path = FrainzUITests.swift; sourceTree = "<group>"; };
		F3BA82CC1EFA54BF00E64484 /* Info.plist */ = {isa = PBXFileReference; lastKnownFileType = text.plist.xml; path = Info.plist; sourceTree = "<group>"; };
		F3BA82D91EFA791400E64484 /* TwitterCore.framework */ = {isa = PBXFileReference; lastKnownFileType = wrapper.framework; path = TwitterCore.framework; sourceTree = "<group>"; };
		F3BA82DA1EFA791400E64484 /* TwitterKit.framework */ = {isa = PBXFileReference; lastKnownFileType = wrapper.framework; path = TwitterKit.framework; sourceTree = "<group>"; };
		F3BA82DB1EFA791400E64484 /* TwitterKitResources.bundle */ = {isa = PBXFileReference; lastKnownFileType = "wrapper.plug-in"; path = TwitterKitResources.bundle; sourceTree = "<group>"; };
		F3BA82DC1EFA791400E64484 /* TwitterShareExtensionUIResources.bundle */ = {isa = PBXFileReference; lastKnownFileType = "wrapper.plug-in"; path = TwitterShareExtensionUIResources.bundle; sourceTree = "<group>"; };
		F3BA82E11EFA8BD400E64484 /* ListTimeLineViewController.swift */ = {isa = PBXFileReference; fileEncoding = 4; lastKnownFileType = sourcecode.swift; path = ListTimeLineViewController.swift; sourceTree = "<group>"; };
/* End PBXFileReference section */

/* Begin PBXFrameworksBuildPhase section */
		F3BA82A41EFA54BE00E64484 /* Frameworks */ = {
			isa = PBXFrameworksBuildPhase;
			buildActionMask = 2147483647;
			files = (
				F3BA82DD1EFA791400E64484 /* TwitterCore.framework in Frameworks */,
				F3BA82DE1EFA791400E64484 /* TwitterKit.framework in Frameworks */,
			);
			runOnlyForDeploymentPostprocessing = 0;
		};
		F3BA82B81EFA54BF00E64484 /* Frameworks */ = {
			isa = PBXFrameworksBuildPhase;
			buildActionMask = 2147483647;
			files = (
			);
			runOnlyForDeploymentPostprocessing = 0;
		};
		F3BA82C31EFA54BF00E64484 /* Frameworks */ = {
			isa = PBXFrameworksBuildPhase;
			buildActionMask = 2147483647;
			files = (
			);
			runOnlyForDeploymentPostprocessing = 0;
		};
/* End PBXFrameworksBuildPhase section */

/* Begin PBXGroup section */
		F3BA829E1EFA54BE00E64484 = {
			isa = PBXGroup;
			children = (
				F3BA82D81EFA791400E64484 /* TwitterKitManual */,
				F3BA82A91EFA54BE00E64484 /* Frainz */,
				F3BA82BE1EFA54BF00E64484 /* FrainzTests */,
				F3BA82C91EFA54BF00E64484 /* FrainzUITests */,
				F3BA82A81EFA54BE00E64484 /* Products */,
			);
			sourceTree = "<group>";
		};
		F3BA82A81EFA54BE00E64484 /* Products */ = {
			isa = PBXGroup;
			children = (
				F3BA82A71EFA54BE00E64484 /* Frainz.app */,
				F3BA82BB1EFA54BF00E64484 /* FrainzTests.xctest */,
				F3BA82C61EFA54BF00E64484 /* FrainzUITests.xctest */,
			);
			name = Products;
			sourceTree = "<group>";
		};
		F3BA82A91EFA54BE00E64484 /* Frainz */ = {
			isa = PBXGroup;
			children = (
				F3BA82AA1EFA54BF00E64484 /* AppDelegate.swift */,
				F3BA82AC1EFA54BF00E64484 /* ViewController.swift */,
				F3BA82AE1EFA54BF00E64484 /* Main.storyboard */,
				F3BA82E11EFA8BD400E64484 /* ListTimeLineViewController.swift */,
				F3BA82B11EFA54BF00E64484 /* Assets.xcassets */,
				F3BA82B31EFA54BF00E64484 /* LaunchScreen.storyboard */,
				F3BA82B61EFA54BF00E64484 /* Info.plist */,
			);
			path = Frainz;
			sourceTree = "<group>";
		};
		F3BA82BE1EFA54BF00E64484 /* FrainzTests */ = {
			isa = PBXGroup;
			children = (
				F3BA82BF1EFA54BF00E64484 /* FrainzTests.swift */,
				F3BA82C11EFA54BF00E64484 /* Info.plist */,
			);
			path = FrainzTests;
			sourceTree = "<group>";
		};
		F3BA82C91EFA54BF00E64484 /* FrainzUITests */ = {
			isa = PBXGroup;
			children = (
				F3BA82CA1EFA54BF00E64484 /* FrainzUITests.swift */,
				F3BA82CC1EFA54BF00E64484 /* Info.plist */,
			);
			path = FrainzUITests;
			sourceTree = "<group>";
		};
		F3BA82D81EFA791400E64484 /* TwitterKitManual */ = {
			isa = PBXGroup;
			children = (
				F3BA82D91EFA791400E64484 /* TwitterCore.framework */,
				F3BA82DA1EFA791400E64484 /* TwitterKit.framework */,
				F3BA82DB1EFA791400E64484 /* TwitterKitResources.bundle */,
				F3BA82DC1EFA791400E64484 /* TwitterShareExtensionUIResources.bundle */,
			);
			path = TwitterKitManual;
			sourceTree = "<group>";
		};
/* End PBXGroup section */

/* Begin PBXNativeTarget section */
		F3BA82A61EFA54BE00E64484 /* Frainz */ = {
			isa = PBXNativeTarget;
			buildConfigurationList = F3BA82CF1EFA54BF00E64484 /* Build configuration list for PBXNativeTarget "Frainz" */;
			buildPhases = (
				F3BA82A31EFA54BE00E64484 /* Sources */,
				F3BA82A41EFA54BE00E64484 /* Frameworks */,
				F3BA82A51EFA54BE00E64484 /* Resources */,
			);
			buildRules = (
			);
			dependencies = (
			);
			name = Frainz;
			productName = Frainz;
			productReference = F3BA82A71EFA54BE00E64484 /* Frainz.app */;
			productType = "com.apple.product-type.application";
		};
		F3BA82BA1EFA54BF00E64484 /* FrainzTests */ = {
			isa = PBXNativeTarget;
			buildConfigurationList = F3BA82D21EFA54BF00E64484 /* Build configuration list for PBXNativeTarget "FrainzTests" */;
			buildPhases = (
				F3BA82B71EFA54BF00E64484 /* Sources */,
				F3BA82B81EFA54BF00E64484 /* Frameworks */,
				F3BA82B91EFA54BF00E64484 /* Resources */,
			);
			buildRules = (
			);
			dependencies = (
				F3BA82BD1EFA54BF00E64484 /* PBXTargetDependency */,
			);
			name = FrainzTests;
			productName = FrainzTests;
			productReference = F3BA82BB1EFA54BF00E64484 /* FrainzTests.xctest */;
			productType = "com.apple.product-type.bundle.unit-test";
		};
		F3BA82C51EFA54BF00E64484 /* FrainzUITests */ = {
			isa = PBXNativeTarget;
			buildConfigurationList = F3BA82D51EFA54BF00E64484 /* Build configuration list for PBXNativeTarget "FrainzUITests" */;
			buildPhases = (
				F3BA82C21EFA54BF00E64484 /* Sources */,
				F3BA82C31EFA54BF00E64484 /* Frameworks */,
				F3BA82C41EFA54BF00E64484 /* Resources */,
			);
			buildRules = (
			);
			dependencies = (
				F3BA82C81EFA54BF00E64484 /* PBXTargetDependency */,
			);
			name = FrainzUITests;
			productName = FrainzUITests;
			productReference = F3BA82C61EFA54BF00E64484 /* FrainzUITests.xctest */;
			productType = "com.apple.product-type.bundle.ui-testing";
		};
/* End PBXNativeTarget section */

/* Begin PBXProject section */
		F3BA829F1EFA54BE00E64484 /* Project object */ = {
			isa = PBXProject;
			attributes = {
				LastSwiftUpdateCheck = 0830;
				LastUpgradeCheck = 0830;
				ORGANIZATIONNAME = Abishek;
				TargetAttributes = {
					F3BA82A61EFA54BE00E64484 = {
						CreatedOnToolsVersion = 8.3.3;
						DevelopmentTeam = XB7MJW3L9F;
						ProvisioningStyle = Automatic;
					};
					F3BA82BA1EFA54BF00E64484 = {
						CreatedOnToolsVersion = 8.3.3;
						DevelopmentTeam = XB7MJW3L9F;
						ProvisioningStyle = Automatic;
						TestTargetID = F3BA82A61EFA54BE00E64484;
					};
					F3BA82C51EFA54BF00E64484 = {
						CreatedOnToolsVersion = 8.3.3;
						DevelopmentTeam = XB7MJW3L9F;
						ProvisioningStyle = Automatic;
						TestTargetID = F3BA82A61EFA54BE00E64484;
					};
				};
			};
			buildConfigurationList = F3BA82A21EFA54BE00E64484 /* Build configuration list for PBXProject "Frainz" */;
			compatibilityVersion = "Xcode 3.2";
			developmentRegion = English;
			hasScannedForEncodings = 0;
			knownRegions = (
				en,
				Base,
			);
			mainGroup = F3BA829E1EFA54BE00E64484;
			productRefGroup = F3BA82A81EFA54BE00E64484 /* Products */;
			projectDirPath = "";
			projectRoot = "";
			targets = (
				F3BA82A61EFA54BE00E64484 /* Frainz */,
				F3BA82BA1EFA54BF00E64484 /* FrainzTests */,
				F3BA82C51EFA54BF00E64484 /* FrainzUITests */,
			);
		};
/* End PBXProject section */

/* Begin PBXResourcesBuildPhase section */
		F3BA82A51EFA54BE00E64484 /* Resources */ = {
			isa = PBXResourcesBuildPhase;
			buildActionMask = 2147483647;
			files = (
				F3BA82DF1EFA791400E64484 /* TwitterKitResources.bundle in Resources */,
				F3BA82B51EFA54BF00E64484 /* LaunchScreen.storyboard in Resources */,
				F3BA82B21EFA54BF00E64484 /* Assets.xcassets in Resources */,
				F3BA82B01EFA54BF00E64484 /* Main.storyboard in Resources */,
				F3BA82E01EFA791400E64484 /* TwitterShareExtensionUIResources.bundle in Resources */,
			);
			runOnlyForDeploymentPostprocessing = 0;
		};
		F3BA82B91EFA54BF00E64484 /* Resources */ = {
			isa = PBXResourcesBuildPhase;
			buildActionMask = 2147483647;
			files = (
			);
			runOnlyForDeploymentPostprocessing = 0;
		};
		F3BA82C41EFA54BF00E64484 /* Resources */ = {
			isa = PBXResourcesBuildPhase;
			buildActionMask = 2147483647;
			files = (
			);
			runOnlyForDeploymentPostprocessing = 0;
		};
/* End PBXResourcesBuildPhase section */

/* Begin PBXSourcesBuildPhase section */
		F3BA82A31EFA54BE00E64484 /* Sources */ = {
			isa = PBXSourcesBuildPhase;
			buildActionMask = 2147483647;
			files = (
				F3BA82E21EFA8BD400E64484 /* ListTimeLineViewController.swift in Sources */,
				F3BA82AD1EFA54BF00E64484 /* ViewController.swift in Sources */,
				F3BA82AB1EFA54BF00E64484 /* AppDelegate.swift in Sources */,
			);
			runOnlyForDeploymentPostprocessing = 0;
		};
		F3BA82B71EFA54BF00E64484 /* Sources */ = {
			isa = PBXSourcesBuildPhase;
			buildActionMask = 2147483647;
			files = (
				F3BA82C01EFA54BF00E64484 /* FrainzTests.swift in Sources */,
			);
			runOnlyForDeploymentPostprocessing = 0;
		};
		F3BA82C21EFA54BF00E64484 /* Sources */ = {
			isa = PBXSourcesBuildPhase;
			buildActionMask = 2147483647;
			files = (
				F3BA82CB1EFA54BF00E64484 /* FrainzUITests.swift in Sources */,
			);
			runOnlyForDeploymentPostprocessing = 0;
		};
/* End PBXSourcesBuildPhase section */

/* Begin PBXTargetDependency section */
		F3BA82BD1EFA54BF00E64484 /* PBXTargetDependency */ = {
			isa = PBXTargetDependency;
			target = F3BA82A61EFA54BE00E64484 /* Frainz */;
			targetProxy = F3BA82BC1EFA54BF00E64484 /* PBXContainerItemProxy */;
		};
		F3BA82C81EFA54BF00E64484 /* PBXTargetDependency */ = {
			isa = PBXTargetDependency;
			target = F3BA82A61EFA54BE00E64484 /* Frainz */;
			targetProxy = F3BA82C71EFA54BF00E64484 /* PBXContainerItemProxy */;
		};
/* End PBXTargetDependency section */

/* Begin PBXVariantGroup section */
		F3BA82AE1EFA54BF00E64484 /* Main.storyboard */ = {
			isa = PBXVariantGroup;
			children = (
				F3BA82AF1EFA54BF00E64484 /* Base */,
			);
			name = Main.storyboard;
			sourceTree = "<group>";
		};
		F3BA82B31EFA54BF00E64484 /* LaunchScreen.storyboard */ = {
			isa = PBXVariantGroup;
			children = (
				F3BA82B41EFA54BF00E64484 /* Base */,
			);
			name = LaunchScreen.storyboard;
			sourceTree = "<group>";
		};
/* End PBXVariantGroup section */

/* Begin XCBuildConfiguration section */
		F3BA82CD1EFA54BF00E64484 /* Debug */ = {
			isa = XCBuildConfiguration;
			buildSettings = {
				ALWAYS_SEARCH_USER_PATHS = NO;
				CLANG_ANALYZER_NONNULL = YES;
				CLANG_ANALYZER_NUMBER_OBJECT_CONVERSION = YES_AGGRESSIVE;
				CLANG_CXX_LANGUAGE_STANDARD = "gnu++0x";
				CLANG_CXX_LIBRARY = "libc++";
				CLANG_ENABLE_MODULES = YES;
				CLANG_ENABLE_OBJC_ARC = YES;
				CLANG_WARN_BOOL_CONVERSION = YES;
				CLANG_WARN_CONSTANT_CONVERSION = YES;
				CLANG_WARN_DIRECT_OBJC_ISA_USAGE = YES_ERROR;
				CLANG_WARN_DOCUMENTATION_COMMENTS = YES;
				CLANG_WARN_EMPTY_BODY = YES;
				CLANG_WARN_ENUM_CONVERSION = YES;
				CLANG_WARN_INFINITE_RECURSION = YES;
				CLANG_WARN_INT_CONVERSION = YES;
				CLANG_WARN_OBJC_ROOT_CLASS = YES_ERROR;
				CLANG_WARN_SUSPICIOUS_MOVE = YES;
				CLANG_WARN_UNREACHABLE_CODE = YES;
				CLANG_WARN__DUPLICATE_METHOD_MATCH = YES;
				"CODE_SIGN_IDENTITY[sdk=iphoneos*]" = "iPhone Developer";
				COPY_PHASE_STRIP = NO;
				DEBUG_INFORMATION_FORMAT = dwarf;
				ENABLE_STRICT_OBJC_MSGSEND = YES;
				ENABLE_TESTABILITY = YES;
				GCC_C_LANGUAGE_STANDARD = gnu99;
				GCC_DYNAMIC_NO_PIC = NO;
				GCC_NO_COMMON_BLOCKS = YES;
				GCC_OPTIMIZATION_LEVEL = 0;
				GCC_PREPROCESSOR_DEFINITIONS = (
					"DEBUG=1",
					"$(inherited)",
				);
				GCC_WARN_64_TO_32_BIT_CONVERSION = YES;
				GCC_WARN_ABOUT_RETURN_TYPE = YES_ERROR;
				GCC_WARN_UNDECLARED_SELECTOR = YES;
				GCC_WARN_UNINITIALIZED_AUTOS = YES_AGGRESSIVE;
				GCC_WARN_UNUSED_FUNCTION = YES;
				GCC_WARN_UNUSED_VARIABLE = YES;
				IPHONEOS_DEPLOYMENT_TARGET = 10.3;
				MTL_ENABLE_DEBUG_INFO = YES;
				ONLY_ACTIVE_ARCH = YES;
				SDKROOT = iphoneos;
				SWIFT_ACTIVE_COMPILATION_CONDITIONS = DEBUG;
				SWIFT_OPTIMIZATION_LEVEL = "-Onone";
				TARGETED_DEVICE_FAMILY = "1,2";
			};
			name = Debug;
		};
		F3BA82CE1EFA54BF00E64484 /* Release */ = {
			isa = XCBuildConfiguration;
			buildSettings = {
				ALWAYS_SEARCH_USER_PATHS = NO;
				CLANG_ANALYZER_NONNULL = YES;
				CLANG_ANALYZER_NUMBER_OBJECT_CONVERSION = YES_AGGRESSIVE;
				CLANG_CXX_LANGUAGE_STANDARD = "gnu++0x";
				CLANG_CXX_LIBRARY = "libc++";
				CLANG_ENABLE_MODULES = YES;
				CLANG_ENABLE_OBJC_ARC = YES;
				CLANG_WARN_BOOL_CONVERSION = YES;
				CLANG_WARN_CONSTANT_CONVERSION = YES;
				CLANG_WARN_DIRECT_OBJC_ISA_USAGE = YES_ERROR;
				CLANG_WARN_DOCUMENTATION_COMMENTS = YES;
				CLANG_WARN_EMPTY_BODY = YES;
				CLANG_WARN_ENUM_CONVERSION = YES;
				CLANG_WARN_INFINITE_RECURSION = YES;
				CLANG_WARN_INT_CONVERSION = YES;
				CLANG_WARN_OBJC_ROOT_CLASS = YES_ERROR;
				CLANG_WARN_SUSPICIOUS_MOVE = YES;
				CLANG_WARN_UNREACHABLE_CODE = YES;
				CLANG_WARN__DUPLICATE_METHOD_MATCH = YES;
				"CODE_SIGN_IDENTITY[sdk=iphoneos*]" = "iPhone Developer";
				COPY_PHASE_STRIP = NO;
				DEBUG_INFORMATION_FORMAT = "dwarf-with-dsym";
				ENABLE_NS_ASSERTIONS = NO;
				ENABLE_STRICT_OBJC_MSGSEND = YES;
				GCC_C_LANGUAGE_STANDARD = gnu99;
				GCC_NO_COMMON_BLOCKS = YES;
				GCC_WARN_64_TO_32_BIT_CONVERSION = YES;
				GCC_WARN_ABOUT_RETURN_TYPE = YES_ERROR;
				GCC_WARN_UNDECLARED_SELECTOR = YES;
				GCC_WARN_UNINITIALIZED_AUTOS = YES_AGGRESSIVE;
				GCC_WARN_UNUSED_FUNCTION = YES;
				GCC_WARN_UNUSED_VARIABLE = YES;
				IPHONEOS_DEPLOYMENT_TARGET = 10.3;
				MTL_ENABLE_DEBUG_INFO = NO;
				SDKROOT = iphoneos;
				SWIFT_OPTIMIZATION_LEVEL = "-Owholemodule";
				TARGETED_DEVICE_FAMILY = "1,2";
				VALIDATE_PRODUCT = YES;
			};
			name = Release;
		};
		F3BA82D01EFA54BF00E64484 /* Debug */ = {
			isa = XCBuildConfiguration;
			buildSettings = {
				ASSETCATALOG_COMPILER_APPICON_NAME = AppIcon;
				DEVELOPMENT_TEAM = XB7MJW3L9F;
				FRAMEWORK_SEARCH_PATHS = (
					"$(inherited)",
					"$(PROJECT_DIR)/TwitterKitManual",
				);
				INFOPLIST_FILE = Frainz/Info.plist;
				LD_RUNPATH_SEARCH_PATHS = "$(inherited) @executable_path/Frameworks";
				PRODUCT_BUNDLE_IDENTIFIER = com.example.Frainz;
				PRODUCT_NAME = "$(TARGET_NAME)";
				SWIFT_VERSION = 3.0;
			};
			name = Debug;
		};
		F3BA82D11EFA54BF00E64484 /* Release */ = {
			isa = XCBuildConfiguration;
			buildSettings = {
				ASSETCATALOG_COMPILER_APPICON_NAME = AppIcon;
				DEVELOPMENT_TEAM = XB7MJW3L9F;
				FRAMEWORK_SEARCH_PATHS = (
					"$(inherited)",
					"$(PROJECT_DIR)/TwitterKitManual",
				);
				INFOPLIST_FILE = Frainz/Info.plist;
				LD_RUNPATH_SEARCH_PATHS = "$(inherited) @executable_path/Frameworks";
				PRODUCT_BUNDLE_IDENTIFIER = com.example.Frainz;
				PRODUCT_NAME = "$(TARGET_NAME)";
				SWIFT_VERSION = 3.0;
			};
			name = Release;
		};
		F3BA82D31EFA54BF00E64484 /* Debug */ = {
			isa = XCBuildConfiguration;
			buildSettings = {
				ALWAYS_EMBED_SWIFT_STANDARD_LIBRARIES = YES;
				BUNDLE_LOADER = "$(TEST_HOST)";
				DEVELOPMENT_TEAM = XB7MJW3L9F;
				INFOPLIST_FILE = FrainzTests/Info.plist;
				LD_RUNPATH_SEARCH_PATHS = "$(inherited) @executable_path/Frameworks @loader_path/Frameworks";
				PRODUCT_BUNDLE_IDENTIFIER = com.example.FrainzTests;
				PRODUCT_NAME = "$(TARGET_NAME)";
				SWIFT_VERSION = 3.0;
				TEST_HOST = "$(BUILT_PRODUCTS_DIR)/Frainz.app/Frainz";
			};
			name = Debug;
		};
		F3BA82D41EFA54BF00E64484 /* Release */ = {
			isa = XCBuildConfiguration;
			buildSettings = {
				ALWAYS_EMBED_SWIFT_STANDARD_LIBRARIES = YES;
				BUNDLE_LOADER = "$(TEST_HOST)";
				DEVELOPMENT_TEAM = XB7MJW3L9F;
				INFOPLIST_FILE = FrainzTests/Info.plist;
				LD_RUNPATH_SEARCH_PATHS = "$(inherited) @executable_path/Frameworks @loader_path/Frameworks";
				PRODUCT_BUNDLE_IDENTIFIER = com.example.FrainzTests;
				PRODUCT_NAME = "$(TARGET_NAME)";
				SWIFT_VERSION = 3.0;
				TEST_HOST = "$(BUILT_PRODUCTS_DIR)/Frainz.app/Frainz";
			};
			name = Release;
		};
		F3BA82D61EFA54BF00E64484 /* Debug */ = {
			isa = XCBuildConfiguration;
			buildSettings = {
				ALWAYS_EMBED_SWIFT_STANDARD_LIBRARIES = YES;
				DEVELOPMENT_TEAM = XB7MJW3L9F;
				INFOPLIST_FILE = FrainzUITests/Info.plist;
				LD_RUNPATH_SEARCH_PATHS = "$(inherited) @executable_path/Frameworks @loader_path/Frameworks";
				PRODUCT_BUNDLE_IDENTIFIER = com.example.FrainzUITests;
				PRODUCT_NAME = "$(TARGET_NAME)";
				SWIFT_VERSION = 3.0;
				TEST_TARGET_NAME = Frainz;
			};
			name = Debug;
		};
		F3BA82D71EFA54BF00E64484 /* Release */ = {
			isa = XCBuildConfiguration;
			buildSettings = {
				ALWAYS_EMBED_SWIFT_STANDARD_LIBRARIES = YES;
				DEVELOPMENT_TEAM = XB7MJW3L9F;
				INFOPLIST_FILE = FrainzUITests/Info.plist;
				LD_RUNPATH_SEARCH_PATHS = "$(inherited) @executable_path/Frameworks @loader_path/Frameworks";
				PRODUCT_BUNDLE_IDENTIFIER = com.example.FrainzUITests;
				PRODUCT_NAME = "$(TARGET_NAME)";
				SWIFT_VERSION = 3.0;
				TEST_TARGET_NAME = Frainz;
			};
			name = Release;
		};
/* End XCBuildConfiguration section */

/* Begin XCConfigurationList section */
		F3BA82A21EFA54BE00E64484 /* Build configuration list for PBXProject "Frainz" */ = {
			isa = XCConfigurationList;
			buildConfigurations = (
				F3BA82CD1EFA54BF00E64484 /* Debug */,
				F3BA82CE1EFA54BF00E64484 /* Release */,
			);
			defaultConfigurationIsVisible = 0;
			defaultConfigurationName = Release;
		};
		F3BA82CF1EFA54BF00E64484 /* Build configuration list for PBXNativeTarget "Frainz" */ = {
			isa = XCConfigurationList;
			buildConfigurations = (
				F3BA82D01EFA54BF00E64484 /* Debug */,
				F3BA82D11EFA54BF00E64484 /* Release */,
			);
			defaultConfigurationIsVisible = 0;
		};
		F3BA82D21EFA54BF00E64484 /* Build configuration list for PBXNativeTarget "FrainzTests" */ = {
			isa = XCConfigurationList;
			buildConfigurations = (
				F3BA82D31EFA54BF00E64484 /* Debug */,
				F3BA82D41EFA54BF00E64484 /* Release */,
			);
			defaultConfigurationIsVisible = 0;
		};
		F3BA82D51EFA54BF00E64484 /* Build configuration list for PBXNativeTarget "FrainzUITests" */ = {
			isa = XCConfigurationList;
			buildConfigurations = (
				F3BA82D61EFA54BF00E64484 /* Debug */,
				F3BA82D71EFA54BF00E64484 /* Release */,
			);
			defaultConfigurationIsVisible = 0;
		};
/* End XCConfigurationList section */
	};
	rootObject = F3BA829F1EFA54BE00E64484 /* Project object */;
}
